
Microsoft Visual Studio Solution File, Format Version 12.00
# Visual Studio Version 17
VisualStudioVersion = 17.1.32421.90
MinimumVisualStudioVersion = 10.0.40219.1
Project("{9A19103F-16F7-4668-BE54-9A1E7A4F7556}") = "Collections", "Collections\Collections.csproj", "{13EA2A35-9E5C-4655-AE55-02AAE67A4779}"
EndProject
Project("{FAE04EC0-301F-11D3-BF4B-00C04F79EFBC}") = "Collections.UnitTests", "Collections.UnitTests\Collections.UnitTests.csproj", "{3C879DA5-4921-40D4-A6ED-9F563C88D73A}"
EndProject
Global
	GlobalSection(SolutionConfigurationPlatforms) = preSolution
		Debug|Any CPU = Debug|Any CPU
		Release|Any CPU = Release|Any CPU
	EndGlobalSection
	GlobalSection(ProjectConfigurationPlatforms) = postSolution
		{13EA2A35-9E5C-4655-AE55-02AAE67A4779}.Debug|Any CPU.ActiveCfg = Debug|Any CPU
		{13EA2A35-9E5C-4655-AE55-02AAE67A4779}.Debug|Any CPU.Build.0 = Debug|Any CPU
		{13EA2A35-9E5C-4655-AE55-02AAE67A4779}.Release|Any CPU.ActiveCfg = Release|Any CPU
		{13EA2A35-9E5C-4655-AE55-02AAE67A4779}.Release|Any CPU.Build.0 = Release|Any CPU
		{3C879DA5-4921-40D4-A6ED-9F563C88D73A}.Debug|Any CPU.ActiveCfg = Debug|Any CPU
		{3C879DA5-4921-40D4-A6ED-9F563C88D73A}.Debug|Any CPU.Build.0 = Debug|Any CPU
		{3C879DA5-4921-40D4-A6ED-9F563C88D73A}.Release|Any CPU.ActiveCfg = Release|Any CPU
		{3C879DA5-4921-40D4-A6ED-9F563C88D73A}.Release|Any CPU.Build.0 = Release|Any CPU
	EndGlobalSection
	GlobalSection(SolutionProperties) = preSolution
		HideSolutionNode = FALSE
	EndGlobalSection
	GlobalSection(ExtensibilityGlobals) = postSolution
		SolutionGuid = {865366FE-C3A0-42AD-87C6-51773255B70E}
	EndGlobalSection
EndGlobal
